
Microsoft Visual Studio Solution File, Format Version 12.00
# Visual Studio Version 17
VisualStudioVersion = 17.5.33530.505
MinimumVisualStudioVersion = 10.0.40219.1
Project("{FAE04EC0-301F-11D3-BF4B-00C04F79EFBC}") = "ECommerce_API", "ECommerce_API.csproj", "{D0570752-3A36-4A65-AF44-1D69F2DF630A}"
EndProject
Global
	GlobalSection(SolutionConfigurationPlatforms) = preSolution
		Debug|Any CPU = Debug|Any CPU
		Release|Any CPU = Release|Any CPU
	EndGlobalSection
	GlobalSection(ProjectConfigurationPlatforms) = postSolution
		{D0570752-3A36-4A65-AF44-1D69F2DF630A}.Debug|Any CPU.ActiveCfg = Debug|Any CPU
		{D0570752-3A36-4A65-AF44-1D69F2DF630A}.Debug|Any CPU.Build.0 = Debug|Any CPU
		{D0570752-3A36-4A65-AF44-1D69F2DF630A}.Release|Any CPU.ActiveCfg = Release|Any CPU
		{D0570752-3A36-4A65-AF44-1D69F2DF630A}.Release|Any CPU.Build.0 = Release|Any CPU
	EndGlobalSection
	GlobalSection(SolutionProperties) = preSolution
		HideSolutionNode = FALSE
	EndGlobalSection
	GlobalSection(ExtensibilityGlobals) = postSolution
		SolutionGuid = {A61CC8DF-8918-47EF-B9F6-95AEDE324F0F}
	EndGlobalSection
EndGlobal
